// !$*UTF8*$!
{
	archiveVersion = 1;
	classes = {
	};
	objectVersion = 46;
	objects = {

/* Begin PBXBuildFile section */
		CC2866A21AC7BCA500247E65 /* AppDelegate.swift in Sources */ = {isa = PBXBuildFile; fileRef = CC2866A11AC7BCA500247E65 /* AppDelegate.swift */; };
		CC2866A41AC7BCA500247E65 /* ViewController.swift in Sources */ = {isa = PBXBuildFile; fileRef = CC2866A31AC7BCA500247E65 /* ViewController.swift */; };
		CC2866A71AC7BCA500247E65 /* Main.storyboard in Resources */ = {isa = PBXBuildFile; fileRef = CC2866A51AC7BCA500247E65 /* Main.storyboard */; };
		CC2866A91AC7BCA500247E65 /* Images.xcassets in Resources */ = {isa = PBXBuildFile; fileRef = CC2866A81AC7BCA500247E65 /* Images.xcassets */; };
		CC2866AC1AC7BCA500247E65 /* LaunchScreen.xib in Resources */ = {isa = PBXBuildFile; fileRef = CC2866AA1AC7BCA500247E65 /* LaunchScreen.xib */; };
		CC2866B81AC7BCA500247E65 /* PickersTests.swift in Sources */ = {isa = PBXBuildFile; fileRef = CC2866B71AC7BCA500247E65 /* PickersTests.swift */; };
		CC2866C41AC7BD7600247E65 /* DatePickerViewController.swift in Sources */ = {isa = PBXBuildFile; fileRef = CC2866C31AC7BD7600247E65 /* DatePickerViewController.swift */; };
		CC2866C61AC7C1D900247E65 /* SingleComponentPickerViewController.swift in Sources */ = {isa = PBXBuildFile; fileRef = CC2866C51AC7C1D900247E65 /* SingleComponentPickerViewController.swift */; };
		CC2866C81AC7C1EE00247E65 /* DoubleComponentPickerViewController.swift in Sources */ = {isa = PBXBuildFile; fileRef = CC2866C71AC7C1EE00247E65 /* DoubleComponentPickerViewController.swift */; };
		CC2866CA1AC7C20300247E65 /* DependentComponentPickerViewController.swift in Sources */ = {isa = PBXBuildFile; fileRef = CC2866C91AC7C20300247E65 /* DependentComponentPickerViewController.swift */; };
		CC2866CC1AC7C21B00247E65 /* CustomPickerViewController.swift in Sources */ = {isa = PBXBuildFile; fileRef = CC2866CB1AC7C21B00247E65 /* CustomPickerViewController.swift */; };
		CCB149511AD43F1B00A439EB /* states.plist in Resources */ = {isa = PBXBuildFile; fileRef = CCB149501AD43F1B00A439EB /* states.plist */; };
/* End PBXBuildFile section */

/* Begin PBXContainerItemProxy section */
		CC2866B21AC7BCA500247E65 /* PBXContainerItemProxy */ = {
			isa = PBXContainerItemProxy;
			containerPortal = CC2866941AC7BCA500247E65 /* Project object */;
			proxyType = 1;
			remoteGlobalIDString = CC28669B1AC7BCA500247E65;
			remoteInfo = Pickers;
		};
/* End PBXContainerItemProxy section */

/* Begin PBXFileReference section */
		CC28669C1AC7BCA500247E65 /* Pickers.app */ = {isa = PBXFileReference; explicitFileType = wrapper.application; includeInIndex = 0; path = Pickers.app; sourceTree = BUILT_PRODUCTS_DIR; };
		CC2866A01AC7BCA500247E65 /* Info.plist */ = {isa = PBXFileReference; lastKnownFileType = text.plist.xml; path = Info.plist; sourceTree = "<group>"; };
		CC2866A11AC7BCA500247E65 /* AppDelegate.swift */ = {isa = PBXFileReference; lastKnownFileType = sourcecode.swift; path = AppDelegate.swift; sourceTree = "<group>"; };
		CC2866A31AC7BCA500247E65 /* ViewController.swift */ = {isa = PBXFileReference; lastKnownFileType = sourcecode.swift; path = ViewController.swift; sourceTree = "<group>"; };
		CC2866A61AC7BCA500247E65 /* Base */ = {isa = PBXFileReference; lastKnownFileType = file.storyboard; name = Base; path = Base.lproj/Main.storyboard; sourceTree = "<group>"; };
		CC2866A81AC7BCA500247E65 /* Images.xcassets */ = {isa = PBXFileReference; lastKnownFileType = folder.assetcatalog; path = Images.xcassets; sourceTree = "<group>"; };
		CC2866AB1AC7BCA500247E65 /* Base */ = {isa = PBXFileReference; lastKnownFileType = file.xib; name = Base; path = Base.lproj/LaunchScreen.xib; sourceTree = "<group>"; };
		CC2866B11AC7BCA500247E65 /* PickersTests.xctest */ = {isa = PBXFileReference; explicitFileType = wrapper.cfbundle; includeInIndex = 0; path = PickersTests.xctest; sourceTree = BUILT_PRODUCTS_DIR; };
		CC2866B61AC7BCA500247E65 /* Info.plist */ = {isa = PBXFileReference; lastKnownFileType = text.plist.xml; path = Info.plist; sourceTree = "<group>"; };
		CC2866B71AC7BCA500247E65 /* PickersTests.swift */ = {isa = PBXFileReference; lastKnownFileType = sourcecode.swift; path = PickersTests.swift; sourceTree = "<group>"; };
		CC2866C31AC7BD7600247E65 /* DatePickerViewController.swift */ = {isa = PBXFileReference; fileEncoding = 4; lastKnownFileType = sourcecode.swift; path = DatePickerViewController.swift; sourceTree = "<group>"; };
		CC2866C51AC7C1D900247E65 /* SingleComponentPickerViewController.swift */ = {isa = PBXFileReference; fileEncoding = 4; lastKnownFileType = sourcecode.swift; path = SingleComponentPickerViewController.swift; sourceTree = "<group>"; };
		CC2866C71AC7C1EE00247E65 /* DoubleComponentPickerViewController.swift */ = {isa = PBXFileReference; fileEncoding = 4; lastKnownFileType = sourcecode.swift; path = DoubleComponentPickerViewController.swift; sourceTree = "<group>"; };
		CC2866C91AC7C20300247E65 /* DependentComponentPickerViewController.swift */ = {isa = PBXFileReference; fileEncoding = 4; lastKnownFileType = sourcecode.swift; path = DependentComponentPickerViewController.swift; sourceTree = "<group>"; };
		CC2866CB1AC7C21B00247E65 /* CustomPickerViewController.swift */ = {isa = PBXFileReference; fileEncoding = 4; lastKnownFileType = sourcecode.swift; path = CustomPickerViewController.swift; sourceTree = "<group>"; };
		CCB149501AD43F1B00A439EB /* states.plist */ = {isa = PBXFileReference; fileEncoding = 4; lastKnownFileType = text.plist.xml; path = states.plist; sourceTree = "<group>"; };
/* End PBXFileReference section */

/* Begin PBXFrameworksBuildPhase section */
		CC2866991AC7BCA500247E65 /* Frameworks */ = {
			isa = PBXFrameworksBuildPhase;
			buildActionMask = 2147483647;
			files = (
			);
			runOnlyForDeploymentPostprocessing = 0;
		};
		CC2866AE1AC7BCA500247E65 /* Frameworks */ = {
			isa = PBXFrameworksBuildPhase;
			buildActionMask = 2147483647;
			files = (
			);
			runOnlyForDeploymentPostprocessing = 0;
		};
/* End PBXFrameworksBuildPhase section */

/* Begin PBXGroup section */
		CC2866931AC7BCA500247E65 = {
			isa = PBXGroup;
			children = (
				CC28669E1AC7BCA500247E65 /* Pickers */,
				CC2866B41AC7BCA500247E65 /* PickersTests */,
				CC28669D1AC7BCA500247E65 /* Products */,
			);
			sourceTree = "<group>";
		};
		CC28669D1AC7BCA500247E65 /* Products */ = {
			isa = PBXGroup;
			children = (
				CC28669C1AC7BCA500247E65 /* Pickers.app */,
				CC2866B11AC7BCA500247E65 /* PickersTests.xctest */,
			);
			name = Products;
			sourceTree = "<group>";
		};
		CC28669E1AC7BCA500247E65 /* Pickers */ = {
			isa = PBXGroup;
			children = (
				CC2866A11AC7BCA500247E65 /* AppDelegate.swift */,
				CC2866A31AC7BCA500247E65 /* ViewController.swift */,
				CC2866A51AC7BCA500247E65 /* Main.storyboard */,
				CC2866A81AC7BCA500247E65 /* Images.xcassets */,
				CC2866AA1AC7BCA500247E65 /* LaunchScreen.xib */,
				CC28669F1AC7BCA500247E65 /* Supporting Files */,
				CC2866C31AC7BD7600247E65 /* DatePickerViewController.swift */,
				CC2866C51AC7C1D900247E65 /* SingleComponentPickerViewController.swift */,
				CC2866C71AC7C1EE00247E65 /* DoubleComponentPickerViewController.swift */,
				CC2866C91AC7C20300247E65 /* DependentComponentPickerViewController.swift */,
				CC2866CB1AC7C21B00247E65 /* CustomPickerViewController.swift */,
				CCB149501AD43F1B00A439EB /* states.plist */,
			);
			path = Pickers;
			sourceTree = "<group>";
		};
		CC28669F1AC7BCA500247E65 /* Supporting Files */ = {
			isa = PBXGroup;
			children = (
				CC2866A01AC7BCA500247E65 /* Info.plist */,
			);
			name = "Supporting Files";
			sourceTree = "<group>";
		};
		CC2866B41AC7BCA500247E65 /* PickersTests */ = {
			isa = PBXGroup;
			children = (
				CC2866B71AC7BCA500247E65 /* PickersTests.swift */,
				CC2866B51AC7BCA500247E65 /* Supporting Files */,
			);
			path = PickersTests;
			sourceTree = "<group>";
		};
		CC2866B51AC7BCA500247E65 /* Supporting Files */ = {
			isa = PBXGroup;
			children = (
				CC2866B61AC7BCA500247E65 /* Info.plist */,
			);
			name = "Supporting Files";
			sourceTree = "<group>";
		};
/* End PBXGroup section */

/* Begin PBXNativeTarget section */
		CC28669B1AC7BCA500247E65 /* Pickers */ = {
			isa = PBXNativeTarget;
			buildConfigurationList = CC2866BB1AC7BCA500247E65 /* Build configuration list for PBXNativeTarget "Pickers" */;
			buildPhases = (
				CC2866981AC7BCA500247E65 /* Sources */,
				CC2866991AC7BCA500247E65 /* Frameworks */,
				CC28669A1AC7BCA500247E65 /* Resources */,
			);
			buildRules = (
			);
			dependencies = (
			);
			name = Pickers;
			productName = Pickers;
			productReference = CC28669C1AC7BCA500247E65 /* Pickers.app */;
			productType = "com.apple.product-type.application";
		};
		CC2866B01AC7BCA500247E65 /* PickersTests */ = {
			isa = PBXNativeTarget;
			buildConfigurationList = CC2866BE1AC7BCA500247E65 /* Build configuration list for PBXNativeTarget "PickersTests" */;
			buildPhases = (
				CC2866AD1AC7BCA500247E65 /* Sources */,
				CC2866AE1AC7BCA500247E65 /* Frameworks */,
				CC2866AF1AC7BCA500247E65 /* Resources */,
			);
			buildRules = (
			);
			dependencies = (
				CC2866B31AC7BCA500247E65 /* PBXTargetDependency */,
			);
			name = PickersTests;
			productName = PickersTests;
			productReference = CC2866B11AC7BCA500247E65 /* PickersTests.xctest */;
			productType = "com.apple.product-type.bundle.unit-test";
		};
/* End PBXNativeTarget section */

/* Begin PBXProject section */
		CC2866941AC7BCA500247E65 /* Project object */ = {
			isa = PBXProject;
			attributes = {
				LastUpgradeCheck = 0630;
				ORGANIZATIONNAME = slidenerd;
				TargetAttributes = {
					CC28669B1AC7BCA500247E65 = {
						CreatedOnToolsVersion = 6.3;
					};
					CC2866B01AC7BCA500247E65 = {
						CreatedOnToolsVersion = 6.3;
						TestTargetID = CC28669B1AC7BCA500247E65;
					};
				};
			};
			buildConfigurationList = CC2866971AC7BCA500247E65 /* Build configuration list for PBXProject "Pickers" */;
			compatibilityVersion = "Xcode 3.2";
			developmentRegion = English;
			hasScannedForEncodings = 0;
			knownRegions = (
				en,
				Base,
			);
			mainGroup = CC2866931AC7BCA500247E65;
			productRefGroup = CC28669D1AC7BCA500247E65 /* Products */;
			projectDirPath = "";
			projectRoot = "";
			targets = (
				CC28669B1AC7BCA500247E65 /* Pickers */,
				CC2866B01AC7BCA500247E65 /* PickersTests */,
			);
		};
/* End PBXProject section */

/* Begin PBXResourcesBuildPhase section */
		CC28669A1AC7BCA500247E65 /* Resources */ = {
			isa = PBXResourcesBuildPhase;
			buildActionMask = 2147483647;
			files = (
				CC2866A71AC7BCA500247E65 /* Main.storyboard in Resources */,
				CC2866AC1AC7BCA500247E65 /* LaunchScreen.xib in Resources */,
				CCB149511AD43F1B00A439EB /* states.plist in Resources */,
				CC2866A91AC7BCA500247E65 /* Images.xcassets in Resources */,
			);
			runOnlyForDeploymentPostprocessing = 0;
		};
		CC2866AF1AC7BCA500247E65 /* Resources */ = {
			isa = PBXResourcesBuildPhase;
			buildActionMask = 2147483647;
			files = (
			);
			runOnlyForDeploymentPostprocessing = 0;
		};
/* End PBXResourcesBuildPhase section */

/* Begin PBXSourcesBuildPhase section */
		CC2866981AC7BCA500247E65 /* Sources */ = {
			isa = PBXSourcesBuildPhase;
			buildActionMask = 2147483647;
			files = (
				CC2866A41AC7BCA500247E65 /* ViewController.swift in Sources */,
				CC2866A21AC7BCA500247E65 /* AppDelegate.swift in Sources */,
				CC2866CA1AC7C20300247E65 /* DependentComponentPickerViewController.swift in Sources */,
				CC2866C81AC7C1EE00247E65 /* DoubleComponentPickerViewController.swift in Sources */,
				CC2866CC1AC7C21B00247E65 /* CustomPickerViewController.swift in Sources */,
				CC2866C61AC7C1D900247E65 /* SingleComponentPickerViewController.swift in Sources */,
				CC2866C41AC7BD7600247E65 /* DatePickerViewController.swift in Sources */,
			);
			runOnlyForDeploymentPostprocessing = 0;
		};
		CC2866AD1AC7BCA500247E65 /* Sources */ = {
			isa = PBXSourcesBuildPhase;
			buildActionMask = 2147483647;
			files = (
				CC2866B81AC7BCA500247E65 /* PickersTests.swift in Sources */,
			);
			runOnlyForDeploymentPostprocessing = 0;
		};
/* End PBXSourcesBuildPhase section */

/* Begin PBXTargetDependency section */
		CC2866B31AC7BCA500247E65 /* PBXTargetDependency */ = {
			isa = PBXTargetDependency;
			target = CC28669B1AC7BCA500247E65 /* Pickers */;
			targetProxy = CC2866B21AC7BCA500247E65 /* PBXContainerItemProxy */;
		};
/* End PBXTargetDependency section */

/* Begin PBXVariantGroup section */
		CC2866A51AC7BCA500247E65 /* Main.storyboard */ = {
			isa = PBXVariantGroup;
			children = (
				CC2866A61AC7BCA500247E65 /* Base */,
			);
			name = Main.storyboard;
			sourceTree = "<group>";
		};
		CC2866AA1AC7BCA500247E65 /* LaunchScreen.xib */ = {
			isa = PBXVariantGroup;
			children = (
				CC2866AB1AC7BCA500247E65 /* Base */,
			);
			name = LaunchScreen.xib;
			sourceTree = "<group>";
		};
/* End PBXVariantGroup section */

/* Begin XCBuildConfiguration section */
		CC2866B91AC7BCA500247E65 /* Debug */ = {
			isa = XCBuildConfiguration;
			buildSettings = {
				ALWAYS_SEARCH_USER_PATHS = NO;
				CLANG_CXX_LANGUAGE_STANDARD = "gnu++0x";
				CLANG_CXX_LIBRARY = "libc++";
				CLANG_ENABLE_MODULES = YES;
				CLANG_ENABLE_OBJC_ARC = YES;
				CLANG_WARN_BOOL_CONVERSION = YES;
				CLANG_WARN_CONSTANT_CONVERSION = YES;
				CLANG_WARN_DIRECT_OBJC_ISA_USAGE = YES_ERROR;
				CLANG_WARN_EMPTY_BODY = YES;
				CLANG_WARN_ENUM_CONVERSION = YES;
				CLANG_WARN_INT_CONVERSION = YES;
				CLANG_WARN_OBJC_ROOT_CLASS = YES_ERROR;
				CLANG_WARN_UNREACHABLE_CODE = YES;
				CLANG_WARN__DUPLICATE_METHOD_MATCH = YES;
				"CODE_SIGN_IDENTITY[sdk=iphoneos*]" = "iPhone Developer";
				COPY_PHASE_STRIP = NO;
				DEBUG_INFORMATION_FORMAT = dwarf;
				ENABLE_STRICT_OBJC_MSGSEND = YES;
				GCC_C_LANGUAGE_STANDARD = gnu99;
				GCC_DYNAMIC_NO_PIC = NO;
				GCC_OPTIMIZATION_LEVEL = 0;
				GCC_PREPROCESSOR_DEFINITIONS = (
					"DEBUG=1",
					"$(inherited)",
				);
				GCC_SYMBOLS_PRIVATE_EXTERN = NO;
				GCC_WARN_64_TO_32_BIT_CONVERSION = YES;
				GCC_WARN_ABOUT_RETURN_TYPE = YES_ERROR;
				GCC_WARN_UNDECLARED_SELECTOR = YES;
				GCC_WARN_UNINITIALIZED_AUTOS = YES_AGGRESSIVE;
				GCC_WARN_UNUSED_FUNCTION = YES;
				GCC_WARN_UNUSED_VARIABLE = YES;
				IPHONEOS_DEPLOYMENT_TARGET = 8.3;
				MTL_ENABLE_DEBUG_INFO = YES;
				ONLY_ACTIVE_ARCH = YES;
				SDKROOT = iphoneos;
				SWIFT_OPTIMIZATION_LEVEL = "-Onone";
				TARGETED_DEVICE_FAMILY = "1,2";
			};
			name = Debug;
		};
		CC2866BA1AC7BCA500247E65 /* Release */ = {
			isa = XCBuildConfiguration;
			buildSettings = {
				ALWAYS_SEARCH_USER_PATHS = NO;
				CLANG_CXX_LANGUAGE_STANDARD = "gnu++0x";
				CLANG_CXX_LIBRARY = "libc++";
				CLANG_ENABLE_MODULES = YES;
				CLANG_ENABLE_OBJC_ARC = YES;
				CLANG_WARN_BOOL_CONVERSION = YES;
				CLANG_WARN_CONSTANT_CONVERSION = YES;
				CLANG_WARN_DIRECT_OBJC_ISA_USAGE = YES_ERROR;
				CLANG_WARN_EMPTY_BODY = YES;
				CLANG_WARN_ENUM_CONVERSION = YES;
				CLANG_WARN_INT_CONVERSION = YES;
				CLANG_WARN_OBJC_ROOT_CLASS = YES_ERROR;
				CLANG_WARN_UNREACHABLE_CODE = YES;
				CLANG_WARN__DUPLICATE_METHOD_MATCH = YES;
				"CODE_SIGN_IDENTITY[sdk=iphoneos*]" = "iPhone Developer";
				COPY_PHASE_STRIP = NO;
				DEBUG_INFORMATION_FORMAT = "dwarf-with-dsym";
				ENABLE_NS_ASSERTIONS = NO;
				ENABLE_STRICT_OBJC_MSGSEND = YES;
				GCC_C_LANGUAGE_STANDARD = gnu99;
				GCC_WARN_64_TO_32_BIT_CONVERSION = YES;
				GCC_WARN_ABOUT_RETURN_TYPE = YES_ERROR;
				GCC_WARN_UNDECLARED_SELECTOR = YES;
				GCC_WARN_UNINITIALIZED_AUTOS = YES_AGGRESSIVE;
				GCC_WARN_UNUSED_FUNCTION = YES;
				GCC_WARN_UNUSED_VARIABLE = YES;
				IPHONEOS_DEPLOYMENT_TARGET = 8.3;
				MTL_ENABLE_DEBUG_INFO = NO;
				SDKROOT = iphoneos;
				TARGETED_DEVICE_FAMILY = "1,2";
				VALIDATE_PRODUCT = YES;
			};
			name = Release;
		};
		CC2866BC1AC7BCA500247E65 /* Debug */ = {
			isa = XCBuildConfiguration;
			buildSettings = {
				ASSETCATALOG_COMPILER_APPICON_NAME = AppIcon;
				INFOPLIST_FILE = Pickers/Info.plist;
				LD_RUNPATH_SEARCH_PATHS = "$(inherited) @executable_path/Frameworks";
				PRODUCT_NAME = "$(TARGET_NAME)";
			};
			name = Debug;
		};
		CC2866BD1AC7BCA500247E65 /* Release */ = {
			isa = XCBuildConfiguration;
			buildSettings = {
				ASSETCATALOG_COMPILER_APPICON_NAME = AppIcon;
				INFOPLIST_FILE = Pickers/Info.plist;
				LD_RUNPATH_SEARCH_PATHS = "$(inherited) @executable_path/Frameworks";
				PRODUCT_NAME = "$(TARGET_NAME)";
			};
			name = Release;
		};
		CC2866BF1AC7BCA500247E65 /* Debug */ = {
			isa = XCBuildConfiguration;
			buildSettings = {
				BUNDLE_LOADER = "$(TEST_HOST)";
				FRAMEWORK_SEARCH_PATHS = (
					"$(SDKROOT)/Developer/Library/Frameworks",
					"$(inherited)",
				);
				GCC_PREPROCESSOR_DEFINITIONS = (
					"DEBUG=1",
					"$(inherited)",
				);
				INFOPLIST_FILE = PickersTests/Info.plist;
				LD_RUNPATH_SEARCH_PATHS = "$(inherited) @executable_path/Frameworks @loader_path/Frameworks";
				PRODUCT_NAME = "$(TARGET_NAME)";
				TEST_HOST = "$(BUILT_PRODUCTS_DIR)/Pickers.app/Pickers";
			};
			name = Debug;
		};
		CC2866C01AC7BCA500247E65 /* Release */ = {
			isa = XCBuildConfiguration;
			buildSettings = {
				BUNDLE_LOADER = "$(TEST_HOST)";
				FRAMEWORK_SEARCH_PATHS = (
					"$(SDKROOT)/Developer/Library/Frameworks",
					"$(inherited)",
				);
				INFOPLIST_FILE = PickersTests/Info.plist;
				LD_RUNPATH_SEARCH_PATHS = "$(inherited) @executable_path/Frameworks @loader_path/Frameworks";
				PRODUCT_NAME = "$(TARGET_NAME)";
				TEST_HOST = "$(BUILT_PRODUCTS_DIR)/Pickers.app/Pickers";
			};
			name = Release;
		};
/* End XCBuildConfiguration section */

/* Begin XCConfigurationList section */
		CC2866971AC7BCA500247E65 /* Build configuration list for PBXProject "Pickers" */ = {
			isa = XCConfigurationList;
			buildConfigurations = (
				CC2866B91AC7BCA500247E65 /* Debug */,
				CC2866BA1AC7BCA500247E65 /* Release */,
			);
			defaultConfigurationIsVisible = 0;
			defaultConfigurationName = Release;
		};
		CC2866BB1AC7BCA500247E65 /* Build configuration list for PBXNativeTarget "Pickers" */ = {
			isa = XCConfigurationList;
			buildConfigurations = (
				CC2866BC1AC7BCA500247E65 /* Debug */,
				CC2866BD1AC7BCA500247E65 /* Release */,
			);
			defaultConfigurationIsVisible = 0;
			defaultConfigurationName = Release;
		};
		CC2866BE1AC7BCA500247E65 /* Build configuration list for PBXNativeTarget "PickersTests" */ = {
			isa = XCConfigurationList;
			buildConfigurations = (
				CC2866BF1AC7BCA500247E65 /* Debug */,
				CC2866C01AC7BCA500247E65 /* Release */,
			);
			defaultConfigurationIsVisible = 0;
			defaultConfigurationName = Release;
		};
/* End XCConfigurationList section */
	};
	rootObject = CC2866941AC7BCA500247E65 /* Project object */;
}
